
Microsoft Visual Studio Solution File, Format Version 12.00
# Visual Studio Version 17
VisualStudioVersion = 17.9.34526.213
MinimumVisualStudioVersion = 10.0.40219.1
Project("{FAE04EC0-301F-11D3-BF4B-00C04F79EFBC}") = "Greeting Card", "Greeting Card\Greeting Card.csproj", "{DED730E5-CAC9-4373-B25E-E59D1A1C3EFF}"
EndProject
Global
	GlobalSection(SolutionConfigurationPlatforms) = preSolution
		Debug|Any CPU = Debug|Any CPU
		Release|Any CPU = Release|Any CPU
	EndGlobalSection
	GlobalSection(ProjectConfigurationPlatforms) = postSolution
		{DED730E5-CAC9-4373-B25E-E59D1A1C3EFF}.Debug|Any CPU.ActiveCfg = Debug|Any CPU
		{DED730E5-CAC9-4373-B25E-E59D1A1C3EFF}.Debug|Any CPU.Build.0 = Debug|Any CPU
		{DED730E5-CAC9-4373-B25E-E59D1A1C3EFF}.Release|Any CPU.ActiveCfg = Release|Any CPU
		{DED730E5-CAC9-4373-B25E-E59D1A1C3EFF}.Release|Any CPU.Build.0 = Release|Any CPU
	EndGlobalSection
	GlobalSection(SolutionProperties) = preSolution
		HideSolutionNode = FALSE
	EndGlobalSection
	GlobalSection(ExtensibilityGlobals) = postSolution
		SolutionGuid = {91DC103A-7D19-4FE0-9412-BC3E89734D5E}
	EndGlobalSection
EndGlobal
